
Microsoft Visual Studio Solution File, Format Version 12.00
# Visual Studio 15
VisualStudioVersion = 15.0.27130.2024
MinimumVisualStudioVersion = 10.0.40219.1
Project("{FAE04EC0-301F-11D3-BF4B-00C04F79EFBC}") = "ChangeString", "ChangeString\ChangeString.csproj", "{43DB8FEB-4603-47B1-9AB7-E97BBCA1BD74}"
EndProject
Project("{FAE04EC0-301F-11D3-BF4B-00C04F79EFBC}") = "BuyCandy", "BuyCandy\BuyCandy.csproj", "{23FECD82-4BBF-47BD-B7A4-D82EDC052480}"
EndProject
Project("{FAE04EC0-301F-11D3-BF4B-00C04F79EFBC}") = "NumberGuess", "NumberGuess\NumberGuess.csproj", "{0DA5BD97-8370-4143-A44A-F418AC5C71DE}"
EndProject
Project("{FAE04EC0-301F-11D3-BF4B-00C04F79EFBC}") = "LifeNumber", "LifeNumber\LifeNumber.csproj", "{69F61A15-5613-4808-AB1F-1B6C65662A63}"
EndProject
Project("{FAE04EC0-301F-11D3-BF4B-00C04F79EFBC}") = "TemConvert", "TemConvert\TemConvert.csproj", "{15DBA037-43B9-49CB-9698-CE565CFC9A64}"
EndProject
Global
	GlobalSection(SolutionConfigurationPlatforms) = preSolution
		Debug|Any CPU = Debug|Any CPU
		Release|Any CPU = Release|Any CPU
	EndGlobalSection
	GlobalSection(ProjectConfigurationPlatforms) = postSolution
		{43DB8FEB-4603-47B1-9AB7-E97BBCA1BD74}.Debug|Any CPU.ActiveCfg = Debug|Any CPU
		{43DB8FEB-4603-47B1-9AB7-E97BBCA1BD74}.Debug|Any CPU.Build.0 = Debug|Any CPU
		{43DB8FEB-4603-47B1-9AB7-E97BBCA1BD74}.Release|Any CPU.ActiveCfg = Release|Any CPU
		{43DB8FEB-4603-47B1-9AB7-E97BBCA1BD74}.Release|Any CPU.Build.0 = Release|Any CPU
		{23FECD82-4BBF-47BD-B7A4-D82EDC052480}.Debug|Any CPU.ActiveCfg = Debug|Any CPU
		{23FECD82-4BBF-47BD-B7A4-D82EDC052480}.Debug|Any CPU.Build.0 = Debug|Any CPU
		{23FECD82-4BBF-47BD-B7A4-D82EDC052480}.Release|Any CPU.ActiveCfg = Release|Any CPU
		{23FECD82-4BBF-47BD-B7A4-D82EDC052480}.Release|Any CPU.Build.0 = Release|Any CPU
		{0DA5BD97-8370-4143-A44A-F418AC5C71DE}.Debug|Any CPU.ActiveCfg = Debug|Any CPU
		{0DA5BD97-8370-4143-A44A-F418AC5C71DE}.Debug|Any CPU.Build.0 = Debug|Any CPU
		{0DA5BD97-8370-4143-A44A-F418AC5C71DE}.Release|Any CPU.ActiveCfg = Release|Any CPU
		{0DA5BD97-8370-4143-A44A-F418AC5C71DE}.Release|Any CPU.Build.0 = Release|Any CPU
		{69F61A15-5613-4808-AB1F-1B6C65662A63}.Debug|Any CPU.ActiveCfg = Debug|Any CPU
		{69F61A15-5613-4808-AB1F-1B6C65662A63}.Debug|Any CPU.Build.0 = Debug|Any CPU
		{69F61A15-5613-4808-AB1F-1B6C65662A63}.Release|Any CPU.ActiveCfg = Release|Any CPU
		{69F61A15-5613-4808-AB1F-1B6C65662A63}.Release|Any CPU.Build.0 = Release|Any CPU
		{15DBA037-43B9-49CB-9698-CE565CFC9A64}.Debug|Any CPU.ActiveCfg = Debug|Any CPU
		{15DBA037-43B9-49CB-9698-CE565CFC9A64}.Debug|Any CPU.Build.0 = Debug|Any CPU
		{15DBA037-43B9-49CB-9698-CE565CFC9A64}.Release|Any CPU.ActiveCfg = Release|Any CPU
		{15DBA037-43B9-49CB-9698-CE565CFC9A64}.Release|Any CPU.Build.0 = Release|Any CPU
	EndGlobalSection
	GlobalSection(SolutionProperties) = preSolution
		HideSolutionNode = FALSE
	EndGlobalSection
	GlobalSection(ExtensibilityGlobals) = postSolution
		SolutionGuid = {ECCEF293-801B-4377-BBEE-412DC51B480D}
	EndGlobalSection
EndGlobal
